
Microsoft Visual Studio Solution File, Format Version 12.00
# Visual Studio 2015
Project("{FAE04EC0-301F-11D3-BF4B-00C04F79EFBC}") = "FlexibleTool.CSharp", "FlexibleTool.CSharp.csproj", "{F1D7301B-7FE0-CDB1-FF38-A3BAE0151B7E}"
EndProject
Project("{FAE04EC0-301F-11D3-BF4B-00C04F79EFBC}") = "FlexibleTool.CSharp.Editor", "FlexibleTool.CSharp.Editor.csproj", "{076DD0A5-7A61-0BCE-6C64-16A839F860C8}"
EndProject
Global
	GlobalSection(SolutionConfigurationPlatforms) = preSolution
		Debug|Any CPU = Debug|Any CPU
		Release|Any CPU = Release|Any CPU
	EndGlobalSection
	GlobalSection(ProjectConfigurationPlatforms) = postSolution
		{F1D7301B-7FE0-CDB1-FF38-A3BAE0151B7E}.Debug|Any CPU.ActiveCfg = Debug|Any CPU
		{F1D7301B-7FE0-CDB1-FF38-A3BAE0151B7E}.Debug|Any CPU.Build.0 = Debug|Any CPU
		{F1D7301B-7FE0-CDB1-FF38-A3BAE0151B7E}.Release|Any CPU.ActiveCfg = Release|Any CPU
		{F1D7301B-7FE0-CDB1-FF38-A3BAE0151B7E}.Release|Any CPU.Build.0 = Release|Any CPU
		{076DD0A5-7A61-0BCE-6C64-16A839F860C8}.Debug|Any CPU.ActiveCfg = Debug|Any CPU
		{076DD0A5-7A61-0BCE-6C64-16A839F860C8}.Debug|Any CPU.Build.0 = Debug|Any CPU
		{076DD0A5-7A61-0BCE-6C64-16A839F860C8}.Release|Any CPU.ActiveCfg = Release|Any CPU
		{076DD0A5-7A61-0BCE-6C64-16A839F860C8}.Release|Any CPU.Build.0 = Release|Any CPU
	EndGlobalSection
	GlobalSection(SolutionProperties) = preSolution
		HideSolutionNode = FALSE
	EndGlobalSection
EndGlobal
